
Microsoft Visual Studio Solution File, Format Version 12.00
# Visual Studio Version 17
VisualStudioVersion = 17.9.34607.119
MinimumVisualStudioVersion = 10.0.40219.1
Project("{9A19103F-16F7-4668-BE54-9A1E7A4F7556}") = "WebPagesLoginLab5", "WebPagesLoginLab5\WebPagesLoginLab5.csproj", "{A3A1EFDF-C958-4C31-ABAD-B2195458A50E}"
EndProject
Project("{2150E333-8FDC-42A3-9474-1A3956D46DE8}") = "方案項目", "方案項目", "{57B743F4-E42B-45DD-A2B3-19565D643D68}"
	ProjectSection(SolutionItems) = preProject
		README.md = README.md
	EndProjectSection
EndProject
Global
	GlobalSection(SolutionConfigurationPlatforms) = preSolution
		Debug|Any CPU = Debug|Any CPU
		Release|Any CPU = Release|Any CPU
	EndGlobalSection
	GlobalSection(ProjectConfigurationPlatforms) = postSolution
		{A3A1EFDF-C958-4C31-ABAD-B2195458A50E}.Debug|Any CPU.ActiveCfg = Debug|Any CPU
		{A3A1EFDF-C958-4C31-ABAD-B2195458A50E}.Debug|Any CPU.Build.0 = Debug|Any CPU
		{A3A1EFDF-C958-4C31-ABAD-B2195458A50E}.Release|Any CPU.ActiveCfg = Release|Any CPU
		{A3A1EFDF-C958-4C31-ABAD-B2195458A50E}.Release|Any CPU.Build.0 = Release|Any CPU
	EndGlobalSection
	GlobalSection(SolutionProperties) = preSolution
		HideSolutionNode = FALSE
	EndGlobalSection
	GlobalSection(ExtensibilityGlobals) = postSolution
		SolutionGuid = {EC3DC424-7F44-40BB-B378-87F146131B19}
	EndGlobalSection
EndGlobal
